
Microsoft Visual Studio Solution File, Format Version 12.00
# Visual Studio Version 17
VisualStudioVersion = 17.13.35806.99 d17.13
MinimumVisualStudioVersion = 10.0.40219.1
Project("{FAE04EC0-301F-11D3-BF4B-00C04F79EFBC}") = "Medicare+", "Medicare+.csproj", "{747D3B62-9B84-4C10-B894-6E9F64C17EBB}"
EndProject
Global
	GlobalSection(SolutionConfigurationPlatforms) = preSolution
		Debug|Any CPU = Debug|Any CPU
		Release|Any CPU = Release|Any CPU
	EndGlobalSection
	GlobalSection(ProjectConfigurationPlatforms) = postSolution
		{747D3B62-9B84-4C10-B894-6E9F64C17EBB}.Debug|Any CPU.ActiveCfg = Debug|Any CPU
		{747D3B62-9B84-4C10-B894-6E9F64C17EBB}.Debug|Any CPU.Build.0 = Debug|Any CPU
		{747D3B62-9B84-4C10-B894-6E9F64C17EBB}.Release|Any CPU.ActiveCfg = Release|Any CPU
		{747D3B62-9B84-4C10-B894-6E9F64C17EBB}.Release|Any CPU.Build.0 = Release|Any CPU
	EndGlobalSection
	GlobalSection(SolutionProperties) = preSolution
		HideSolutionNode = FALSE
	EndGlobalSection
	GlobalSection(ExtensibilityGlobals) = postSolution
		SolutionGuid = {8251C1DF-9F19-442F-9A5C-28011A1F3272}
	EndGlobalSection
EndGlobal
