
Microsoft Visual Studio Solution File, Format Version 12.00
# Visual Studio Version 17
VisualStudioVersion = 17.13.35806.99 d17.13
MinimumVisualStudioVersion = 10.0.40219.1
Project("{FAE04EC0-301F-11D3-BF4B-00C04F79EFBC}") = "JWT-Day1", "JWT-Day1.csproj", "{3C3C86EC-EF1F-4C8B-AB7E-B77B5876F2F3}"
EndProject
Global
	GlobalSection(SolutionConfigurationPlatforms) = preSolution
		Debug|Any CPU = Debug|Any CPU
		Release|Any CPU = Release|Any CPU
	EndGlobalSection
	GlobalSection(ProjectConfigurationPlatforms) = postSolution
		{3C3C86EC-EF1F-4C8B-AB7E-B77B5876F2F3}.Debug|Any CPU.ActiveCfg = Debug|Any CPU
		{3C3C86EC-EF1F-4C8B-AB7E-B77B5876F2F3}.Debug|Any CPU.Build.0 = Debug|Any CPU
		{3C3C86EC-EF1F-4C8B-AB7E-B77B5876F2F3}.Release|Any CPU.ActiveCfg = Release|Any CPU
		{3C3C86EC-EF1F-4C8B-AB7E-B77B5876F2F3}.Release|Any CPU.Build.0 = Release|Any CPU
	EndGlobalSection
	GlobalSection(SolutionProperties) = preSolution
		HideSolutionNode = FALSE
	EndGlobalSection
	GlobalSection(ExtensibilityGlobals) = postSolution
		SolutionGuid = {09E8D2DC-D8C7-4A37-B9A5-7EF062203FAA}
	EndGlobalSection
EndGlobal
